c2sp.org/CCTV/age v0.0.0-20251208015420-e9274a7bdbfd h1:ZLsPO6WdZ5zatV4UfVpr7oAwLGRZ+sebTUruuM4Ra3M=
c2sp.org/CCTV/age v0.0.0-20251208015420-e9274a7bdbfd/go.mod h1:SrHC2C7r5GkDk8R+NFVzYy/sdj0Ypg9htaPXQq5Cqeo=
filippo.io/age v1.2.2-0.20251224113631-a62324430d84 h1:s09QYkwFqDL3uhddQnMxwBL0GTYGawPjLs8js6JoEe0=
filippo.io/age v1.2.2-0.20251224113631-a62324430d84/go.mod h1:z5H4mDUHN0BjP/0uy4rF2dXCfDF79Ip4izO6ZthrNBg=
filippo.io/hpke v0.4.0 h1:p575VVQ6ted4pL+it6M00V/f2qTZITO0zgmdKCkd5+A=
filippo.io/hpke v0.4.0/go.mod h1:EmAN849/P3qdeK+PCMkDpDm83vRHM5cDipBJ8xbQLVY=
filippo.io/nistec v0.0.4 h1:F14ZHT5htWlMnQVPndX9ro9arf56cBhQxq4LnDI491s=
filippo.io/nistec v0.0.4/go.mod h1:PK/lw8I1gQT4hUML4QGaqljwdDaFcMyFKSXN7kjrtKI=
github.com/cpuguy83/go-md2man/v2 v2.0.6/go.mod h1:oOW0eioCTA6cOiMLiUPZOpcVxMig6NIQQ7OS05n1F4g=
github.com/google/go-configfs-tsm v0.3.3-0.20240919001351-b4b5b84fdcbc h1:SG12DWUUM5igxm+//YX5Yq4vhdoRnOG9HkCodkOn+YU=
github.com/google/go-configfs-tsm v0.3.3-0.20240919001351-b4b5b84fdcbc/go.mod h1:EL1GTDFMb5PZQWDviGfZV9n87WeGTR/JUg13RfwkgRo=
github.com/google/go-sev-guest v0.14.0 h1:dCb4F3YrHTtrDX3cYIPTifEDz7XagZmXQioxRBW4wOo=
github.com/google/go-sev-guest v0.14.0/go.mod h1:SK9vW+uyfuzYdVN0m8BShL3OQCtXZe/JPF7ZkpD3760=
github.com/google/go-tdx-guest v0.3.2-0.20241009005452-097ee70d0843 h1:+MoPobRN9HrDhGyn6HnF5NYo4uMBKaiFqAtf/D/OB4A=
github.com/google/go-tdx-guest v0.3.2-0.20241009005452-097ee70d0843/go.mod h1:g/n8sKITIT9xRivBUbizo34DTsUm2nN2uU3A662h09g=
github.com/google/go-tpm v0.9.7 h1:u89J4tUUeDTlH8xxC3CTW7OHZjbjKoHdQ9W7gCUhtxA=
github.com/google/go-tpm v0.9.7/go.mod h1:h9jEsEECg7gtLis0upRBQU+GhYVH6jMjrFxI8u6bVUY=
github.com/google/go-tpm-tools v0.4.7 h1:J3ycC8umYxM9A4eF73EofRZu4BxY0jjQnUnkhIBbvws=
github.com/google/go-tpm-tools v0.4.7/go.mod h1:gSyXTZHe3fgbzb6WEGd90QucmsnT1SRdlye82gH8QjQ=
github.com/google/logger v1.1.1 h1:+6Z2geNxc9G+4D4oDO9njjjn2d0wN5d7uOo0vOIW1NQ=
github.com/google/logger v1.1.1/go.mod h1:BkeJZ+1FhQ+/d087r4dzojEg1u2ZX+ZqG1jTUrLM+zQ=
github.com/google/uuid v1.6.0 h1:NIvaJDMOsjHA8n1jAhLSgzrAzy1Hgr+hNrb57e+94F0=
github.com/google/uuid v1.6.0/go.mod h1:TIyPZe4MgqvfeYDBFedMoGGpEw/LqOeaOT+nhxU+yHo=
github.com/inconshreveable/mousetrap v1.1.0 h1:wN+x4NVGpMsO7ErUn/mUI3vEoE6Jt13X2s0bqwp9tc8=
github.com/inconshreveable/mousetrap v1.1.0/go.mod h1:vpF70FUmC8bwa3OWnCshd2FqLfsEA9PFc4w1p2J65bw=
github.com/rogpeppe/go-internal v1.14.1 h1:UQB4HGPB6osV0SQTLymcB4TgvyWu6ZyliaW0tI/otEQ=
github.com/rogpeppe/go-internal v1.14.1/go.mod h1:MaRKkUm5W0goXpeCfT7UZI6fk/L7L7so1lCWt35ZSgc=
github.com/russross/blackfriday/v2 v2.1.0/go.mod h1:+Rmxgy9KzJVeS9/2gXHxylqXiyQDYRxCVz55jmeOWTM=
github.com/spf13/cobra v1.10.2 h1:DMTTonx5m65Ic0GOoRY2c16WCbHxOOw6xxezuLaBpcU=
github.com/spf13/cobra v1.10.2/go.mod h1:7C1pvHqHw5A4vrJfjNwvOdzYu0Gml16OCs2GRiTUUS4=
github.com/spf13/pflag v1.0.9/go.mod h1:McXfInJRrz4CZXVZOBLb0bTZqETkiAhM9Iw0y3An2Bg=
github.com/spf13/pflag v1.0.10 h1:4EBh2KAYBwaONj6b2Ye1GiHfwjqyROoF4RwYO+vPwFk=
github.com/spf13/pflag v1.0.10/go.mod h1:McXfInJRrz4CZXVZOBLb0bTZqETkiAhM9Iw0y3An2Bg=
go.uber.org/multierr v1.11.0 h1:blXXJkSxSSfBVBlC76pxqeO+LN3aDfLQo+309xJstO0=
go.uber.org/multierr v1.11.0/go.mod h1:20+QtiLqy0Nd6FdQB9TLXag12DsQkrbs3htMFfDN80Y=
go.yaml.in/yaml/v3 v3.0.4/go.mod h1:DhzuOOF2ATzADvBadXxruRBLzYTpT36CKvDb3+aBEFg=
golang.org/x/crypto v0.46.0 h1:cKRW/pmt1pKAfetfu+RCEvjvZkA9RimPbh7bhFjGVBU=
golang.org/x/crypto v0.46.0/go.mod h1:Evb/oLKmMraqjZ2iQTwDwvCtJkczlDuTmdJXoZVzqU0=
golang.org/x/sys v0.39.0 h1:CvCKL8MeisomCi6qNZ+wbb0DN9E5AATixKsvNtMoMFk=
golang.org/x/sys v0.39.0/go.mod h1:OgkHotnGiDImocRcuBABYBEXf8A9a87e/uXjp9XT3ks=
golang.org/x/term v0.38.0 h1:PQ5pkm/rLO6HnxFR7N2lJHOZX6Kez5Y1gDSJla6jo7Q=
golang.org/x/term v0.38.0/go.mod h1:bSEAKrOT1W+VSu9TSCMtoGEOUcKxOKgl3LE5QEF/xVg=
golang.org/x/tools v0.39.0 h1:ik4ho21kwuQln40uelmciQPp9SipgNDdrafrYA4TmQQ=
golang.org/x/tools v0.39.0/go.mod h1:JnefbkDPyD8UU2kI5fuf8ZX4/yUeh9W877ZeBONxUqQ=
google.golang.org/protobuf v1.35.1 h1:m3LfL6/Ca+fqnjnlqQXNpFPABW1UD7mjh8KO2mKFytA=
google.golang.org/protobuf v1.35.1/go.mod h1:9fA7Ob0pmnwhb644+1+CVWFRbNajQ6iRojtC/QF5bRE=
gopkg.in/check.v1 v0.0.0-20161208181325-20d25e280405/go.mod h1:Co6ibVJAznAaIkqp8huTwlJQCZ016jof/cbN4VW5Yz0=
